
Microsoft Visual Studio Solution File, Format Version 12.00
# Visual Studio Express 2012 for Web
Project("{FAE04EC0-301F-11D3-BF4B-00C04F79EFBC}") = "TrainingMaterialsRequestForm", "TrainingMaterialsRequestForm\TrainingMaterialsRequestForm.csproj", "{DD8BB23D-BA85-4E9A-BF91-038811E34DB7}"
EndProject
Global
	GlobalSection(TeamFoundationVersionControl) = preSolution
		SccNumberOfProjects = 2
		SccEnterpriseProvider = {4CA58AB2-18FA-4F8D-95D4-32DDF27D184C}
		SccTeamFoundationServer = http://cic_tfs1:8080/tfs/sw
		SccProjectUniqueName0 = TrainingMaterialsRequestForm\\TrainingMaterialsRequestForm.csproj
		SccProjectName0 = TrainingMaterialsRequestForm
		SccLocalPath0 = TrainingMaterialsRequestForm
		SccLocalPath1 = .
	EndGlobalSection
	GlobalSection(SolutionConfigurationPlatforms) = preSolution
		Debug|Any CPU = Debug|Any CPU
		Release|Any CPU = Release|Any CPU
	EndGlobalSection
	GlobalSection(ProjectConfigurationPlatforms) = postSolution
		{DD8BB23D-BA85-4E9A-BF91-038811E34DB7}.Debug|Any CPU.ActiveCfg = Debug|Any CPU
		{DD8BB23D-BA85-4E9A-BF91-038811E34DB7}.Debug|Any CPU.Build.0 = Debug|Any CPU
		{DD8BB23D-BA85-4E9A-BF91-038811E34DB7}.Release|Any CPU.ActiveCfg = Release|Any CPU
		{DD8BB23D-BA85-4E9A-BF91-038811E34DB7}.Release|Any CPU.Build.0 = Release|Any CPU
	EndGlobalSection
	GlobalSection(SolutionProperties) = preSolution
		HideSolutionNode = FALSE
	EndGlobalSection
EndGlobal
